<?xml version="1.0" encoding="utf-8"?>
<Project ToolsVersion="4.0" xmlns="http://schemas.microsoft.com/developer/msbuild/2003">
  <ItemGroup>
    <Filter Include="Pliki źródłowe">
      <UniqueIdentifier>{4FC737F1-C7A5-4376-A066-2A32D752A2FF}</UniqueIdentifier>
      <Extensions>cpp;c;cc;cxx;def;odl;idl;hpj;bat;asm;asmx</Extensions>
    </Filter>
    <Filter Include="Pliki nagłówkowe">
      <UniqueIdentifier>{93995380-89BD-4b04-88EB-625FBE52EBFB}</UniqueIdentifier>
      <Extensions>h;hh;hpp;hxx;hm;inl;inc;ipp;xsd</Extensions>
    </Filter>
    <Filter Include="Pliki zasobów">
      <UniqueIdentifier>{67DA6AB6-F800-4c08-8B7A-83BB121AAD01}</UniqueIdentifier>
      <Extensions>rc;ico;cur;bmp;dlg;rc2;rct;bin;rgs;gif;jpg;jpeg;jpe;resx;tiff;tif;png;wav;mfcribbon-ms</Extensions>
    </Filter>
    <Filter Include="Pliki nagłówkowe\Engine">
      <UniqueIdentifier>{4df1cd44-c0d7-4923-9dd0-0fb73178cb16}</UniqueIdentifier>
    </Filter>
    <Filter Include="Pliki źródłowe\Engine">
      <UniqueIdentifier>{b9aaea00-ca2b-44d9-b5d2-96f66fece634}</UniqueIdentifier>
    </Filter>
    <Filter Include="Pliki nagłówkowe\GameStateItems">
      <UniqueIdentifier>{c31443fa-1724-45c0-b51d-85bdb9de9f91}</UniqueIdentifier>
    </Filter>
    <Filter Include="Pliki źródłowe\GameStateItems">
      <UniqueIdentifier>{75dfcd5b-6c43-44f1-bdc3-564da4e29bc6}</UniqueIdentifier>
    </Filter>
    <Filter Include="Pliki źródłowe\Days">
      <UniqueIdentifier>{5b4ac036-fa0b-4309-b30b-45b63d85b17d}</UniqueIdentifier>
    </Filter>
    <Filter Include="Pliki nagłówkowe\Days">
      <UniqueIdentifier>{feeece84-0b77-459f-a660-3379fb83189a}</UniqueIdentifier>
    </Filter>
  </ItemGroup>
  <ItemGroup>
    <ClCompile Include="Engine\Assets.cpp">
      <Filter>Pliki źródłowe\Engine</Filter>
    </ClCompile>
    <ClCompile Include="Engine\Button.cpp">
      <Filter>Pliki źródłowe\Engine</Filter>
    </ClCompile>
    <ClCompile Include="Engine\CheckBox.cpp">
      <Filter>Pliki źródłowe\Engine</Filter>
    </ClCompile>
    <ClCompile Include="Engine\Core.cpp">
      <Filter>Pliki źródłowe\Engine</Filter>
    </ClCompile>
    <ClCompile Include="Engine\Information.cpp">
      <Filter>Pliki źródłowe\Engine</Filter>
    </ClCompile>
    <ClCompile Include="Engine\Lighting.cpp">
      <Filter>Pliki źródłowe\Engine</Filter>
    </ClCompile>
    <ClCompile Include="Engine\SliderH.cpp">
      <Filter>Pliki źródłowe\Engine</Filter>
    </ClCompile>
    <ClCompile Include="Engine\SliderV.cpp">
      <Filter>Pliki źródłowe\Engine</Filter>
    </ClCompile>
    <ClCompile Include="Engine\TextButton.cpp">
      <Filter>Pliki źródłowe\Engine</Filter>
    </ClCompile>
    <ClCompile Include="Engine\TextField.cpp">
      <Filter>Pliki źródłowe\Engine</Filter>
    </ClCompile>
    <ClCompile Include="Engine\StateMachine.cpp">
      <Filter>Pliki źródłowe\Engine</Filter>
    </ClCompile>
    <ClCompile Include="main.cpp">
      <Filter>Pliki źródłowe</Filter>
    </ClCompile>
    <ClCompile Include="Game.cpp">
      <Filter>Pliki źródłowe</Filter>
    </ClCompile>
    <ClCompile Include="SplashScreen.cpp">
      <Filter>Pliki źródłowe</Filter>
    </ClCompile>
    <ClCompile Include="GameState.cpp">
      <Filter>Pliki źródłowe</Filter>
    </ClCompile>
    <ClCompile Include="MenuState.cpp">
      <Filter>Pliki źródłowe</Filter>
    </ClCompile>
    <ClCompile Include="Functions.cpp">
      <Filter>Pliki źródłowe</Filter>
    </ClCompile>
    <ClCompile Include="PauseState.cpp">
      <Filter>Pliki źródłowe</Filter>
    </ClCompile>
    <ClCompile Include="Calendar.cpp">
      <Filter>Pliki źródłowe\GameStateItems</Filter>
    </ClCompile>
    <ClCompile Include="Watch.cpp">
      <Filter>Pliki źródłowe\GameStateItems</Filter>
    </ClCompile>
    <ClCompile Include="Screen.cpp">
      <Filter>Pliki źródłowe\GameStateItems</Filter>
    </ClCompile>
    <ClCompile Include="OfficeFriend.cpp">
      <Filter>Pliki źródłowe\GameStateItems</Filter>
    </ClCompile>
    <ClCompile Include="Applicant.cpp">
      <Filter>Pliki źródłowe\GameStateItems</Filter>
    </ClCompile>
    <ClCompile Include="OfficeApplicant.cpp">
      <Filter>Pliki źródłowe\GameStateItems</Filter>
    </ClCompile>
    <ClCompile Include="Phone.cpp">
      <Filter>Pliki źródłowe\GameStateItems</Filter>
    </ClCompile>
    <ClCompile Include="Mobile.cpp">
      <Filter>Pliki źródłowe\GameStateItems</Filter>
    </ClCompile>
    <ClCompile Include="Letter.cpp">
      <Filter>Pliki źródłowe\GameStateItems</Filter>
    </ClCompile>
    <ClCompile Include="Newspaper.cpp">
      <Filter>Pliki źródłowe\GameStateItems</Filter>
    </ClCompile>
    <ClCompile Include="Book.cpp">
      <Filter>Pliki źródłowe\GameStateItems</Filter>
    </ClCompile>
    <ClCompile Include="Instructions.cpp">
      <Filter>Pliki źródłowe\GameStateItems</Filter>
    </ClCompile>
    <ClCompile Include="PersonalID.cpp">
      <Filter>Pliki źródłowe\GameStateItems</Filter>
    </ClCompile>
    <ClCompile Include="IDview.cpp">
      <Filter>Pliki źródłowe\GameStateItems</Filter>
    </ClCompile>
    <ClCompile Include="Shredder.cpp">
      <Filter>Pliki źródłowe\GameStateItems</Filter>
    </ClCompile>
    <ClCompile Include="Coffee.cpp">
      <Filter>Pliki źródłowe\GameStateItems</Filter>
    </ClCompile>
    <ClCompile Include="Bin.cpp">
      <Filter>Pliki źródłowe\GameStateItems</Filter>
    </ClCompile>
    <ClCompile Include="Rubbish.cpp">
      <Filter>Pliki źródłowe\GameStateItems</Filter>
    </ClCompile>
    <ClCompile Include="Battery.cpp">
      <Filter>Pliki źródłowe\GameStateItems</Filter>
    </ClCompile>
    <ClCompile Include="Bell.cpp">
      <Filter>Pliki źródłowe\GameStateItems</Filter>
    </ClCompile>
    <ClCompile Include="Stamp.cpp">
      <Filter>Pliki źródłowe\GameStateItems</Filter>
    </ClCompile>
    <ClCompile Include="OpenedBook.cpp">
      <Filter>Pliki źródłowe\GameStateItems</Filter>
    </ClCompile>
    <ClCompile Include="IntroState.cpp">
      <Filter>Pliki źródłowe</Filter>
    </ClCompile>
    <ClCompile Include="SelfWrittingText.cpp">
      <Filter>Pliki źródłowe\Engine</Filter>
    </ClCompile>
    <ClCompile Include="dayx.cpp">
      <Filter>Pliki źródłowe</Filter>
    </ClCompile>
    <ClCompile Include="textBubble.cpp">
      <Filter>Pliki źródłowe</Filter>
    </ClCompile>
    <ClCompile Include="ChoiceButton.cpp">
      <Filter>Pliki źródłowe</Filter>
    </ClCompile>
    <ClCompile Include="Day_1.cpp">
      <Filter>Pliki źródłowe\Days</Filter>
    </ClCompile>
    <ClCompile Include="Day_2.cpp">
      <Filter>Pliki źródłowe\Days</Filter>
    </ClCompile>
    <ClCompile Include="Day_0.cpp">
      <Filter>Pliki źródłowe\Days</Filter>
    </ClCompile>
    <ClCompile Include="pc.cpp">
      <Filter>Pliki źródłowe\GameStateItems</Filter>
    </ClCompile>
    <ClCompile Include="Eyelids.cpp">
      <Filter>Pliki źródłowe</Filter>
    </ClCompile>
    <ClCompile Include="OpenPC.cpp">
      <Filter>Pliki źródłowe\GameStateItems</Filter>
    </ClCompile>
    <ClCompile Include="email.cpp">
      <Filter>Pliki źródłowe\GameStateItems</Filter>
    </ClCompile>
    <ClCompile Include="card.cpp">
      <Filter>Pliki źródłowe\GameStateItems</Filter>
    </ClCompile>
    <ClCompile Include="CardReader.cpp">
      <Filter>Pliki źródłowe\GameStateItems</Filter>
    </ClCompile>
  </ItemGroup>
  <ItemGroup>
    <ClInclude Include="Engine\Assets.h">
      <Filter>Pliki nagłówkowe\Engine</Filter>
    </ClInclude>
    <ClInclude Include="Engine\Button.h">
      <Filter>Pliki nagłówkowe\Engine</Filter>
    </ClInclude>
    <ClInclude Include="Engine\CheckBox.h">
      <Filter>Pliki nagłówkowe\Engine</Filter>
    </ClInclude>
    <ClInclude Include="Engine\Core.h">
      <Filter>Pliki nagłówkowe\Engine</Filter>
    </ClInclude>
    <ClInclude Include="Engine\Engine.h">
      <Filter>Pliki nagłówkowe\Engine</Filter>
    </ClInclude>
    <ClInclude Include="Engine\Information.h">
      <Filter>Pliki nagłówkowe\Engine</Filter>
    </ClInclude>
    <ClInclude Include="Engine\Lighting.h">
      <Filter>Pliki nagłówkowe\Engine</Filter>
    </ClInclude>
    <ClInclude Include="Engine\SlideFrame.h">
      <Filter>Pliki nagłówkowe\Engine</Filter>
    </ClInclude>
    <ClInclude Include="Engine\SliderH.h">
      <Filter>Pliki nagłówkowe\Engine</Filter>
    </ClInclude>
    <ClInclude Include="Engine\SliderV.h">
      <Filter>Pliki nagłówkowe\Engine</Filter>
    </ClInclude>
    <ClInclude Include="Engine\TextButton.h">
      <Filter>Pliki nagłówkowe\Engine</Filter>
    </ClInclude>
    <ClInclude Include="Engine\TextField.h">
      <Filter>Pliki nagłówkowe\Engine</Filter>
    </ClInclude>
    <ClInclude Include="Engine\StateMachine.h">
      <Filter>Pliki nagłówkowe\Engine</Filter>
    </ClInclude>
    <ClInclude Include="Game.h">
      <Filter>Pliki nagłówkowe</Filter>
    </ClInclude>
    <ClInclude Include="Definitions.h">
      <Filter>Pliki nagłówkowe</Filter>
    </ClInclude>
    <ClInclude Include="SplashScreen.h">
      <Filter>Pliki nagłówkowe</Filter>
    </ClInclude>
    <ClInclude Include="GameState.h">
      <Filter>Pliki nagłówkowe</Filter>
    </ClInclude>
    <ClInclude Include="MenuState.h">
      <Filter>Pliki nagłówkowe</Filter>
    </ClInclude>
    <ClInclude Include="Functions.h">
      <Filter>Pliki nagłówkowe</Filter>
    </ClInclude>
    <ClInclude Include="PauseState.h">
      <Filter>Pliki nagłówkowe</Filter>
    </ClInclude>
    <ClInclude Include="Calendar.h">
      <Filter>Pliki nagłówkowe\GameStateItems</Filter>
    </ClInclude>
    <ClInclude Include="GameStateItems.h">
      <Filter>Pliki nagłówkowe\GameStateItems</Filter>
    </ClInclude>
    <ClInclude Include="Watch.h">
      <Filter>Pliki nagłówkowe\GameStateItems</Filter>
    </ClInclude>
    <ClInclude Include="Screen.h">
      <Filter>Pliki nagłówkowe\GameStateItems</Filter>
    </ClInclude>
    <ClInclude Include="OfficeFriend.h">
      <Filter>Pliki nagłówkowe\GameStateItems</Filter>
    </ClInclude>
    <ClInclude Include="Applicant.h">
      <Filter>Pliki nagłówkowe\GameStateItems</Filter>
    </ClInclude>
    <ClInclude Include="OfficeApplicant.h">
      <Filter>Pliki nagłówkowe\GameStateItems</Filter>
    </ClInclude>
    <ClInclude Include="Phone.h">
      <Filter>Pliki nagłówkowe\GameStateItems</Filter>
    </ClInclude>
    <ClInclude Include="Mobile.h">
      <Filter>Pliki nagłówkowe\GameStateItems</Filter>
    </ClInclude>
    <ClInclude Include="Letter.h">
      <Filter>Pliki nagłówkowe\GameStateItems</Filter>
    </ClInclude>
    <ClInclude Include="Newspaper.h">
      <Filter>Pliki nagłówkowe\GameStateItems</Filter>
    </ClInclude>
    <ClInclude Include="Book.h">
      <Filter>Pliki nagłówkowe\GameStateItems</Filter>
    </ClInclude>
    <ClInclude Include="Instructions.h">
      <Filter>Pliki nagłówkowe\GameStateItems</Filter>
    </ClInclude>
    <ClInclude Include="PersonalID.h">
      <Filter>Pliki nagłówkowe\GameStateItems</Filter>
    </ClInclude>
    <ClInclude Include="IDview.h">
      <Filter>Pliki nagłówkowe\GameStateItems</Filter>
    </ClInclude>
    <ClInclude Include="Shredder.h">
      <Filter>Pliki nagłówkowe\GameStateItems</Filter>
    </ClInclude>
    <ClInclude Include="Coffee.h">
      <Filter>Pliki nagłówkowe\GameStateItems</Filter>
    </ClInclude>
    <ClInclude Include="Bin.h">
      <Filter>Pliki nagłówkowe\GameStateItems</Filter>
    </ClInclude>
    <ClInclude Include="Rubbish.h">
      <Filter>Pliki nagłówkowe\GameStateItems</Filter>
    </ClInclude>
    <ClInclude Include="Battery.h">
      <Filter>Pliki nagłówkowe\GameStateItems</Filter>
    </ClInclude>
    <ClInclude Include="Bell.h">
      <Filter>Pliki nagłówkowe\GameStateItems</Filter>
    </ClInclude>
    <ClInclude Include="Stamp.h">
      <Filter>Pliki nagłówkowe\GameStateItems</Filter>
    </ClInclude>
    <ClInclude Include="IntroState.h">
      <Filter>Pliki nagłówkowe</Filter>
    </ClInclude>
    <ClInclude Include="SelfWrittingText.h">
      <Filter>Pliki nagłówkowe\Engine</Filter>
    </ClInclude>
    <ClInclude Include="dayx.h">
      <Filter>Pliki nagłówkowe</Filter>
    </ClInclude>
    <ClInclude Include="textBubble.h">
      <Filter>Pliki nagłówkowe</Filter>
    </ClInclude>
    <ClInclude Include="ChoiceButton.h">
      <Filter>Pliki nagłówkowe</Filter>
    </ClInclude>
    <ClInclude Include="Day.h">
      <Filter>Pliki nagłówkowe\Days</Filter>
    </ClInclude>
    <ClInclude Include="Day_1.h">
      <Filter>Pliki nagłówkowe\Days</Filter>
    </ClInclude>
    <ClInclude Include="Days.h">
      <Filter>Pliki nagłówkowe\Days</Filter>
    </ClInclude>
    <ClInclude Include="Day_2.h">
      <Filter>Pliki nagłówkowe\Days</Filter>
    </ClInclude>
    <ClInclude Include="Day_0.h">
      <Filter>Pliki nagłówkowe\Days</Filter>
    </ClInclude>
    <ClInclude Include="Day_3.h">
      <Filter>Pliki nagłówkowe\Days</Filter>
    </ClInclude>
    <ClInclude Include="pc.h">
      <Filter>Pliki nagłówkowe\GameStateItems</Filter>
    </ClInclude>
    <ClInclude Include="Eyelids.h">
      <Filter>Pliki nagłówkowe</Filter>
    </ClInclude>
    <ClInclude Include="OpenPC.h">
      <Filter>Pliki nagłówkowe\GameStateItems</Filter>
    </ClInclude>
    <ClInclude Include="OpenedBook.h">
      <Filter>Pliki nagłówkowe\GameStateItems</Filter>
    </ClInclude>
    <ClInclude Include="email.h">
      <Filter>Pliki nagłówkowe\GameStateItems</Filter>
    </ClInclude>
    <ClInclude Include="card.h">
      <Filter>Pliki nagłówkowe\GameStateItems</Filter>
    </ClInclude>
    <ClInclude Include="CardReader.h">
      <Filter>Pliki nagłówkowe\GameStateItems</Filter>
    </ClInclude>
  </ItemGroup>
</Project>